
Microsoft Visual Studio Solution File, Format Version 12.00
# Visual Studio Version 16
VisualStudioVersion = 16.0.31321.278
MinimumVisualStudioVersion = 10.0.40219.1
Project("{9A19103F-16F7-4668-BE54-9A1E7A4F7556}") = "Graphic", "Graphic.csproj", "{EE835274-E66B-4224-BB56-47A6A5108EB1}"
EndProject
Global
	GlobalSection(SolutionConfigurationPlatforms) = preSolution
		Debug|Any CPU = Debug|Any CPU
		Release|Any CPU = Release|Any CPU
	EndGlobalSection
	GlobalSection(ProjectConfigurationPlatforms) = postSolution
		{EE835274-E66B-4224-BB56-47A6A5108EB1}.Debug|Any CPU.ActiveCfg = Debug|Any CPU
		{EE835274-E66B-4224-BB56-47A6A5108EB1}.Debug|Any CPU.Build.0 = Debug|Any CPU
		{EE835274-E66B-4224-BB56-47A6A5108EB1}.Release|Any CPU.ActiveCfg = Release|Any CPU
		{EE835274-E66B-4224-BB56-47A6A5108EB1}.Release|Any CPU.Build.0 = Release|Any CPU
	EndGlobalSection
	GlobalSection(SolutionProperties) = preSolution
		HideSolutionNode = FALSE
	EndGlobalSection
	GlobalSection(ExtensibilityGlobals) = postSolution
		SolutionGuid = {1B9AA522-A59A-46FD-BF30-221E26D6AC8B}
	EndGlobalSection
EndGlobal
